
Microsoft Visual Studio Solution File, Format Version 12.00
# Visual Studio Version 16
VisualStudioVersion = 16.0.30002.166
MinimumVisualStudioVersion = 10.0.40219.1
Project("{9A19103F-16F7-4668-BE54-9A1E7A4F7556}") = "PraticalList", "PraticalList\PraticalList.csproj", "{584B1E50-838D-4908-8EBB-D0BA193AB266}"
EndProject
Global
	GlobalSection(SolutionConfigurationPlatforms) = preSolution
		Debug|Any CPU = Debug|Any CPU
		Release|Any CPU = Release|Any CPU
	EndGlobalSection
	GlobalSection(ProjectConfigurationPlatforms) = postSolution
		{584B1E50-838D-4908-8EBB-D0BA193AB266}.Debug|Any CPU.ActiveCfg = Debug|Any CPU
		{584B1E50-838D-4908-8EBB-D0BA193AB266}.Debug|Any CPU.Build.0 = Debug|Any CPU
		{584B1E50-838D-4908-8EBB-D0BA193AB266}.Release|Any CPU.ActiveCfg = Release|Any CPU
		{584B1E50-838D-4908-8EBB-D0BA193AB266}.Release|Any CPU.Build.0 = Release|Any CPU
	EndGlobalSection
	GlobalSection(SolutionProperties) = preSolution
		HideSolutionNode = FALSE
	EndGlobalSection
	GlobalSection(ExtensibilityGlobals) = postSolution
		SolutionGuid = {12A38DE1-15A8-4CA2-A080-34CB7CFA5848}
	EndGlobalSection
EndGlobal
